
Microsoft Visual Studio Solution File, Format Version 12.00
# Visual Studio 14
VisualStudioVersion = 14.0.25420.1
MinimumVisualStudioVersion = 10.0.40219.1
Project("{9092AA53-FB77-4645-B42D-1CCCA6BD08BD}") = "ms-rest", "ms-rest/ms-rest.njsproj", "{9A797837-B825-48E7-AECC-B195F01D47D1}"
EndProject
Project("{9092AA53-FB77-4645-B42D-1CCCA6BD08BD}") = "ms-rest-azure", "ms-rest-azure/ms-rest-azure.njsproj", "{9B4432DA-CD3B-45FE-9415-BDCFEE4DD172}"
EndProject
Global
	GlobalSection(SolutionConfigurationPlatforms) = preSolution
		Debug|Any CPU = Debug|Any CPU
		Release|Any CPU = Release|Any CPU
	EndGlobalSection
	GlobalSection(ProjectConfigurationPlatforms) = postSolution
		{9A797837-B825-48E7-AECC-B195F01D47D1}.Debug|Any CPU.ActiveCfg = Debug|Any CPU
		{9A797837-B825-48E7-AECC-B195F01D47D1}.Debug|Any CPU.Build.0 = Debug|Any CPU
		{9A797837-B825-48E7-AECC-B195F01D47D1}.Release|Any CPU.ActiveCfg = Release|Any CPU
		{9A797837-B825-48E7-AECC-B195F01D47D1}.Release|Any CPU.Build.0 = Release|Any CPU
		{9B4432DA-CD3B-45FE-9415-BDCFEE4DD172}.Debug|Any CPU.ActiveCfg = Debug|Any CPU
		{9B4432DA-CD3B-45FE-9415-BDCFEE4DD172}.Debug|Any CPU.Build.0 = Debug|Any CPU
		{9B4432DA-CD3B-45FE-9415-BDCFEE4DD172}.Release|Any CPU.ActiveCfg = Release|Any CPU
		{9B4432DA-CD3B-45FE-9415-BDCFEE4DD172}.Release|Any CPU.Build.0 = Release|Any CPU
	EndGlobalSection
	GlobalSection(SolutionProperties) = preSolution
		HideSolutionNode = FALSE
	EndGlobalSection
EndGlobal
