
Microsoft Visual Studio Solution File, Format Version 12.00
# Visual Studio 15
VisualStudioVersion = 15.0.26009.0
MinimumVisualStudioVersion = 10.0.40219.1
Project("{9A19103F-16F7-4668-BE54-9A1E7A4F7556}") = "AutoRest.Core", "src\core\AutoRest.Core\AutoRest.Core.csproj", "{BE85FEB6-C808-4202-8799-CFA9D292D0B6}"
EndProject
Project("{FAE04EC0-301F-11D3-BF4B-00C04F79EFBC}") = "AutoRest.Core.Tests", "src\core\AutoRest.Core.Tests\AutoRest.Core.Tests.csproj", "{E09F39E6-7268-4AB7-8E99-41DA8F002C30}"
EndProject
Project("{9A19103F-16F7-4668-BE54-9A1E7A4F7556}") = "AutoRest.Swagger", "src\modeler\AutoRest.Swagger\AutoRest.Swagger.csproj", "{94C39851-2130-4ACA-B3B5-82AAEF331D78}"
EndProject
Project("{9A19103F-16F7-4668-BE54-9A1E7A4F7556}") = "AutoRest.Swagger.Tests", "src\modeler\AutoRest.Swagger.Tests\AutoRest.Swagger.Tests.csproj", "{49CEF79E-3F0A-4EB3-9630-672CF7BA698D}"
EndProject
Project("{9A19103F-16F7-4668-BE54-9A1E7A4F7556}") = "AutoRest.CompositeSwagger", "src\modeler\AutoRest.CompositeSwagger\AutoRest.CompositeSwagger.csproj", "{51311757-0B80-4D11-8D99-8DE6CA2E5E82}"
EndProject
Project("{9A19103F-16F7-4668-BE54-9A1E7A4F7556}") = "AutoRest.CompositeSwagger.Tests", "src\modeler\AutoRest.CompositeSwagger.Tests\AutoRest.CompositeSwagger.Tests.csproj", "{06A95AF8-4CB2-4915-9212-94B89872E3AF}"
EndProject
Project("{9A19103F-16F7-4668-BE54-9A1E7A4F7556}") = "AutoRest.Tooling.CSharp.Compiler", "src\dev\AutoRest.Tooling.CSharp.Compiler\AutoRest.Tooling.CSharp.Compiler.csproj", "{189DA02F-D012-45A8-B50D-66B49F04BF11}"
EndProject
Project("{9A19103F-16F7-4668-BE54-9A1E7A4F7556}") = "AutoRest.Extensions", "src\core\AutoRest.Extensions\AutoRest.Extensions.csproj", "{7CC377A0-3441-4052-B4C2-BDFA1BA1E069}"
EndProject
Project("{2150E333-8FDC-42A3-9474-1A3956D46DE8}") = "Core", "Core", "{B4778897-838E-40D6-8DD4-0F79813D6D37}"
EndProject
Project("{2150E333-8FDC-42A3-9474-1A3956D46DE8}") = "Modelers", "Modelers", "{30BC3244-8A2E-4DE3-8334-4A93149CB49F}"
EndProject
Project("{2150E333-8FDC-42A3-9474-1A3956D46DE8}") = "Dev", "Dev", "{AAD4E208-6254-4760-B8F3-C2AEAAE46A17}"
EndProject
Project("{2150E333-8FDC-42A3-9474-1A3956D46DE8}") = "Generators", "Generators", "{4ED94760-8B22-45AD-84CF-3E2D48FD1AAB}"
EndProject
Project("{2150E333-8FDC-42A3-9474-1A3956D46DE8}") = "CSharp", "CSharp", "{C42A1D42-7CC5-4B78-B547-8351DCFC9294}"
EndProject
Project("{9A19103F-16F7-4668-BE54-9A1E7A4F7556}") = "AutoRest.CSharp", "src\generator\AutoRest.CSharp\AutoRest.CSharp.csproj", "{444FEB9E-432C-4BEC-803B-92CBA44BF4C9}"
EndProject
Project("{9A19103F-16F7-4668-BE54-9A1E7A4F7556}") = "dotnet-razor", "src\dev\dotnet-razor\dotnet-razor.csproj", "{15725456-952F-4B26-AAA2-8DDF921906ED}"
EndProject
Project("{8BB2217D-0F2D-49D1-97BC-3654ED321F3B}") = "AutoRest.Java", "src\generator\AutoRest.Java\AutoRest.Java.xproj", "{34B82690-0083-4F4C-8ABF-2D2A09304915}"
EndProject
Project("{8BB2217D-0F2D-49D1-97BC-3654ED321F3B}") = "AutoRest.Java.Azure", "src\generator\AutoRest.Java.Azure\AutoRest.Java.Azure.xproj", "{AFD3F1C4-5C59-4018-B0BB-030E0DA57C5C}"
EndProject
Project("{8BB2217D-0F2D-49D1-97BC-3654ED321F3B}") = "AutoRest.Java.Azure.Fluent", "src\generator\AutoRest.Java.Azure.Fluent\AutoRest.Java.Azure.Fluent.xproj", "{D35E97FD-E360-4DAA-96D0-DA45F32150B9}"
EndProject
Global
	GlobalSection(SolutionConfigurationPlatforms) = preSolution
		Debug|Any CPU = Debug|Any CPU
		Debug|x64 = Debug|x64
		Debug|x86 = Debug|x86
		Release|Any CPU = Release|Any CPU
		Release|x64 = Release|x64
		Release|x86 = Release|x86
	EndGlobalSection
	GlobalSection(ProjectConfigurationPlatforms) = postSolution
		{BE85FEB6-C808-4202-8799-CFA9D292D0B6}.Debug|Any CPU.ActiveCfg = Debug|Any CPU
		{BE85FEB6-C808-4202-8799-CFA9D292D0B6}.Debug|Any CPU.Build.0 = Debug|Any CPU
		{BE85FEB6-C808-4202-8799-CFA9D292D0B6}.Debug|x64.ActiveCfg = Debug|x64
		{BE85FEB6-C808-4202-8799-CFA9D292D0B6}.Debug|x64.Build.0 = Debug|x64
		{BE85FEB6-C808-4202-8799-CFA9D292D0B6}.Debug|x86.ActiveCfg = Debug|x86
		{BE85FEB6-C808-4202-8799-CFA9D292D0B6}.Debug|x86.Build.0 = Debug|x86
		{BE85FEB6-C808-4202-8799-CFA9D292D0B6}.Release|Any CPU.ActiveCfg = Release|Any CPU
		{BE85FEB6-C808-4202-8799-CFA9D292D0B6}.Release|Any CPU.Build.0 = Release|Any CPU
		{BE85FEB6-C808-4202-8799-CFA9D292D0B6}.Release|x64.ActiveCfg = Release|x64
		{BE85FEB6-C808-4202-8799-CFA9D292D0B6}.Release|x64.Build.0 = Release|x64
		{BE85FEB6-C808-4202-8799-CFA9D292D0B6}.Release|x86.ActiveCfg = Release|x86
		{BE85FEB6-C808-4202-8799-CFA9D292D0B6}.Release|x86.Build.0 = Release|x86
		{E09F39E6-7268-4AB7-8E99-41DA8F002C30}.Debug|Any CPU.ActiveCfg = Debug|Any CPU
		{E09F39E6-7268-4AB7-8E99-41DA8F002C30}.Debug|Any CPU.Build.0 = Debug|Any CPU
		{E09F39E6-7268-4AB7-8E99-41DA8F002C30}.Debug|x64.ActiveCfg = Debug|x64
		{E09F39E6-7268-4AB7-8E99-41DA8F002C30}.Debug|x64.Build.0 = Debug|x64
		{E09F39E6-7268-4AB7-8E99-41DA8F002C30}.Debug|x86.ActiveCfg = Debug|x86
		{E09F39E6-7268-4AB7-8E99-41DA8F002C30}.Debug|x86.Build.0 = Debug|x86
		{E09F39E6-7268-4AB7-8E99-41DA8F002C30}.Release|Any CPU.ActiveCfg = Release|Any CPU
		{E09F39E6-7268-4AB7-8E99-41DA8F002C30}.Release|Any CPU.Build.0 = Release|Any CPU
		{E09F39E6-7268-4AB7-8E99-41DA8F002C30}.Release|x64.ActiveCfg = Release|x64
		{E09F39E6-7268-4AB7-8E99-41DA8F002C30}.Release|x64.Build.0 = Release|x64
		{E09F39E6-7268-4AB7-8E99-41DA8F002C30}.Release|x86.ActiveCfg = Release|x86
		{E09F39E6-7268-4AB7-8E99-41DA8F002C30}.Release|x86.Build.0 = Release|x86
		{94C39851-2130-4ACA-B3B5-82AAEF331D78}.Debug|Any CPU.ActiveCfg = Debug|Any CPU
		{94C39851-2130-4ACA-B3B5-82AAEF331D78}.Debug|Any CPU.Build.0 = Debug|Any CPU
		{94C39851-2130-4ACA-B3B5-82AAEF331D78}.Debug|x64.ActiveCfg = Debug|x64
		{94C39851-2130-4ACA-B3B5-82AAEF331D78}.Debug|x64.Build.0 = Debug|x64
		{94C39851-2130-4ACA-B3B5-82AAEF331D78}.Debug|x86.ActiveCfg = Debug|x86
		{94C39851-2130-4ACA-B3B5-82AAEF331D78}.Debug|x86.Build.0 = Debug|x86
		{94C39851-2130-4ACA-B3B5-82AAEF331D78}.Release|Any CPU.ActiveCfg = Release|Any CPU
		{94C39851-2130-4ACA-B3B5-82AAEF331D78}.Release|Any CPU.Build.0 = Release|Any CPU
		{94C39851-2130-4ACA-B3B5-82AAEF331D78}.Release|x64.ActiveCfg = Release|x64
		{94C39851-2130-4ACA-B3B5-82AAEF331D78}.Release|x64.Build.0 = Release|x64
		{94C39851-2130-4ACA-B3B5-82AAEF331D78}.Release|x86.ActiveCfg = Release|x86
		{94C39851-2130-4ACA-B3B5-82AAEF331D78}.Release|x86.Build.0 = Release|x86
		{49CEF79E-3F0A-4EB3-9630-672CF7BA698D}.Debug|Any CPU.ActiveCfg = Debug|Any CPU
		{49CEF79E-3F0A-4EB3-9630-672CF7BA698D}.Debug|Any CPU.Build.0 = Debug|Any CPU
		{49CEF79E-3F0A-4EB3-9630-672CF7BA698D}.Debug|x64.ActiveCfg = Debug|x64
		{49CEF79E-3F0A-4EB3-9630-672CF7BA698D}.Debug|x64.Build.0 = Debug|x64
		{49CEF79E-3F0A-4EB3-9630-672CF7BA698D}.Debug|x86.ActiveCfg = Debug|x86
		{49CEF79E-3F0A-4EB3-9630-672CF7BA698D}.Debug|x86.Build.0 = Debug|x86
		{49CEF79E-3F0A-4EB3-9630-672CF7BA698D}.Release|Any CPU.ActiveCfg = Release|Any CPU
		{49CEF79E-3F0A-4EB3-9630-672CF7BA698D}.Release|Any CPU.Build.0 = Release|Any CPU
		{49CEF79E-3F0A-4EB3-9630-672CF7BA698D}.Release|x64.ActiveCfg = Release|x64
		{49CEF79E-3F0A-4EB3-9630-672CF7BA698D}.Release|x64.Build.0 = Release|x64
		{49CEF79E-3F0A-4EB3-9630-672CF7BA698D}.Release|x86.ActiveCfg = Release|x86
		{49CEF79E-3F0A-4EB3-9630-672CF7BA698D}.Release|x86.Build.0 = Release|x86
		{51311757-0B80-4D11-8D99-8DE6CA2E5E82}.Debug|Any CPU.ActiveCfg = Debug|Any CPU
		{51311757-0B80-4D11-8D99-8DE6CA2E5E82}.Debug|Any CPU.Build.0 = Debug|Any CPU
		{51311757-0B80-4D11-8D99-8DE6CA2E5E82}.Debug|x64.ActiveCfg = Debug|x64
		{51311757-0B80-4D11-8D99-8DE6CA2E5E82}.Debug|x64.Build.0 = Debug|x64
		{51311757-0B80-4D11-8D99-8DE6CA2E5E82}.Debug|x86.ActiveCfg = Debug|x86
		{51311757-0B80-4D11-8D99-8DE6CA2E5E82}.Debug|x86.Build.0 = Debug|x86
		{51311757-0B80-4D11-8D99-8DE6CA2E5E82}.Release|Any CPU.ActiveCfg = Release|Any CPU
		{51311757-0B80-4D11-8D99-8DE6CA2E5E82}.Release|Any CPU.Build.0 = Release|Any CPU
		{51311757-0B80-4D11-8D99-8DE6CA2E5E82}.Release|x64.ActiveCfg = Release|x64
		{51311757-0B80-4D11-8D99-8DE6CA2E5E82}.Release|x64.Build.0 = Release|x64
		{51311757-0B80-4D11-8D99-8DE6CA2E5E82}.Release|x86.ActiveCfg = Release|x86
		{51311757-0B80-4D11-8D99-8DE6CA2E5E82}.Release|x86.Build.0 = Release|x86
		{06A95AF8-4CB2-4915-9212-94B89872E3AF}.Debug|Any CPU.ActiveCfg = Debug|Any CPU
		{06A95AF8-4CB2-4915-9212-94B89872E3AF}.Debug|Any CPU.Build.0 = Debug|Any CPU
		{06A95AF8-4CB2-4915-9212-94B89872E3AF}.Debug|x64.ActiveCfg = Debug|x64
		{06A95AF8-4CB2-4915-9212-94B89872E3AF}.Debug|x64.Build.0 = Debug|x64
		{06A95AF8-4CB2-4915-9212-94B89872E3AF}.Debug|x86.ActiveCfg = Debug|x86
		{06A95AF8-4CB2-4915-9212-94B89872E3AF}.Debug|x86.Build.0 = Debug|x86
		{06A95AF8-4CB2-4915-9212-94B89872E3AF}.Release|Any CPU.ActiveCfg = Release|Any CPU
		{06A95AF8-4CB2-4915-9212-94B89872E3AF}.Release|Any CPU.Build.0 = Release|Any CPU
		{06A95AF8-4CB2-4915-9212-94B89872E3AF}.Release|x64.ActiveCfg = Release|x64
		{06A95AF8-4CB2-4915-9212-94B89872E3AF}.Release|x64.Build.0 = Release|x64
		{06A95AF8-4CB2-4915-9212-94B89872E3AF}.Release|x86.ActiveCfg = Release|x86
		{06A95AF8-4CB2-4915-9212-94B89872E3AF}.Release|x86.Build.0 = Release|x86
		{189DA02F-D012-45A8-B50D-66B49F04BF11}.Debug|Any CPU.ActiveCfg = Debug|Any CPU
		{189DA02F-D012-45A8-B50D-66B49F04BF11}.Debug|Any CPU.Build.0 = Debug|Any CPU
		{189DA02F-D012-45A8-B50D-66B49F04BF11}.Debug|x64.ActiveCfg = Debug|x64
		{189DA02F-D012-45A8-B50D-66B49F04BF11}.Debug|x64.Build.0 = Debug|x64
		{189DA02F-D012-45A8-B50D-66B49F04BF11}.Debug|x86.ActiveCfg = Debug|x86
		{189DA02F-D012-45A8-B50D-66B49F04BF11}.Debug|x86.Build.0 = Debug|x86
		{189DA02F-D012-45A8-B50D-66B49F04BF11}.Release|Any CPU.ActiveCfg = Release|Any CPU
		{189DA02F-D012-45A8-B50D-66B49F04BF11}.Release|Any CPU.Build.0 = Release|Any CPU
		{189DA02F-D012-45A8-B50D-66B49F04BF11}.Release|x64.ActiveCfg = Release|x64
		{189DA02F-D012-45A8-B50D-66B49F04BF11}.Release|x64.Build.0 = Release|x64
		{189DA02F-D012-45A8-B50D-66B49F04BF11}.Release|x86.ActiveCfg = Release|x86
		{189DA02F-D012-45A8-B50D-66B49F04BF11}.Release|x86.Build.0 = Release|x86
		{7CC377A0-3441-4052-B4C2-BDFA1BA1E069}.Debug|Any CPU.ActiveCfg = Debug|Any CPU
		{7CC377A0-3441-4052-B4C2-BDFA1BA1E069}.Debug|Any CPU.Build.0 = Debug|Any CPU
		{7CC377A0-3441-4052-B4C2-BDFA1BA1E069}.Debug|x64.ActiveCfg = Debug|x64
		{7CC377A0-3441-4052-B4C2-BDFA1BA1E069}.Debug|x64.Build.0 = Debug|x64
		{7CC377A0-3441-4052-B4C2-BDFA1BA1E069}.Debug|x86.ActiveCfg = Debug|x86
		{7CC377A0-3441-4052-B4C2-BDFA1BA1E069}.Debug|x86.Build.0 = Debug|x86
		{7CC377A0-3441-4052-B4C2-BDFA1BA1E069}.Release|Any CPU.ActiveCfg = Release|Any CPU
		{7CC377A0-3441-4052-B4C2-BDFA1BA1E069}.Release|Any CPU.Build.0 = Release|Any CPU
		{7CC377A0-3441-4052-B4C2-BDFA1BA1E069}.Release|x64.ActiveCfg = Release|x64
		{7CC377A0-3441-4052-B4C2-BDFA1BA1E069}.Release|x64.Build.0 = Release|x64
		{7CC377A0-3441-4052-B4C2-BDFA1BA1E069}.Release|x86.ActiveCfg = Release|x86
		{7CC377A0-3441-4052-B4C2-BDFA1BA1E069}.Release|x86.Build.0 = Release|x86
		{444FEB9E-432C-4BEC-803B-92CBA44BF4C9}.Debug|Any CPU.ActiveCfg = Debug|Any CPU
		{444FEB9E-432C-4BEC-803B-92CBA44BF4C9}.Debug|Any CPU.Build.0 = Debug|Any CPU
		{444FEB9E-432C-4BEC-803B-92CBA44BF4C9}.Debug|x64.ActiveCfg = Debug|x64
		{444FEB9E-432C-4BEC-803B-92CBA44BF4C9}.Debug|x64.Build.0 = Debug|x64
		{444FEB9E-432C-4BEC-803B-92CBA44BF4C9}.Debug|x86.ActiveCfg = Debug|x86
		{444FEB9E-432C-4BEC-803B-92CBA44BF4C9}.Debug|x86.Build.0 = Debug|x86
		{444FEB9E-432C-4BEC-803B-92CBA44BF4C9}.Release|Any CPU.ActiveCfg = Release|Any CPU
		{444FEB9E-432C-4BEC-803B-92CBA44BF4C9}.Release|Any CPU.Build.0 = Release|Any CPU
		{444FEB9E-432C-4BEC-803B-92CBA44BF4C9}.Release|x64.ActiveCfg = Release|x64
		{444FEB9E-432C-4BEC-803B-92CBA44BF4C9}.Release|x64.Build.0 = Release|x64
		{444FEB9E-432C-4BEC-803B-92CBA44BF4C9}.Release|x86.ActiveCfg = Release|x86
		{444FEB9E-432C-4BEC-803B-92CBA44BF4C9}.Release|x86.Build.0 = Release|x86
		{15725456-952F-4B26-AAA2-8DDF921906ED}.Debug|Any CPU.ActiveCfg = Debug|Any CPU
		{15725456-952F-4B26-AAA2-8DDF921906ED}.Debug|Any CPU.Build.0 = Debug|Any CPU
		{15725456-952F-4B26-AAA2-8DDF921906ED}.Debug|x64.ActiveCfg = Debug|x64
		{15725456-952F-4B26-AAA2-8DDF921906ED}.Debug|x64.Build.0 = Debug|x64
		{15725456-952F-4B26-AAA2-8DDF921906ED}.Debug|x86.ActiveCfg = Debug|x86
		{15725456-952F-4B26-AAA2-8DDF921906ED}.Debug|x86.Build.0 = Debug|x86
		{15725456-952F-4B26-AAA2-8DDF921906ED}.Release|Any CPU.ActiveCfg = Release|Any CPU
		{15725456-952F-4B26-AAA2-8DDF921906ED}.Release|Any CPU.Build.0 = Release|Any CPU
		{15725456-952F-4B26-AAA2-8DDF921906ED}.Release|x64.ActiveCfg = Release|x64
		{15725456-952F-4B26-AAA2-8DDF921906ED}.Release|x64.Build.0 = Release|x64
		{15725456-952F-4B26-AAA2-8DDF921906ED}.Release|x86.ActiveCfg = Release|x86
		{15725456-952F-4B26-AAA2-8DDF921906ED}.Release|x86.Build.0 = Release|x86
		{C876085F-9DC3-41F0-B7B4-17022CD84684}.Debug|Any CPU.ActiveCfg = Debug|Any CPU
		{C876085F-9DC3-41F0-B7B4-17022CD84684}.Debug|Any CPU.Build.0 = Debug|Any CPU
		{C876085F-9DC3-41F0-B7B4-17022CD84684}.Release|Any CPU.ActiveCfg = Release|Any CPU
		{C876085F-9DC3-41F0-B7B4-17022CD84684}.Release|Any CPU.Build.0 = Release|Any CPU
		{F589D8B7-1B0F-4182-842B-09866A4A2CEB}.Debug|Any CPU.ActiveCfg = Debug|Any CPU
		{F589D8B7-1B0F-4182-842B-09866A4A2CEB}.Debug|Any CPU.Build.0 = Debug|Any CPU
		{F589D8B7-1B0F-4182-842B-09866A4A2CEB}.Release|Any CPU.ActiveCfg = Release|Any CPU
		{F589D8B7-1B0F-4182-842B-09866A4A2CEB}.Release|Any CPU.Build.0 = Release|Any CPU
		{31E6BAA3-C606-4D44-B0D7-46BE7AFAC656}.Debug|Any CPU.ActiveCfg = Debug|Any CPU
		{31E6BAA3-C606-4D44-B0D7-46BE7AFAC656}.Debug|Any CPU.Build.0 = Debug|Any CPU
		{31E6BAA3-C606-4D44-B0D7-46BE7AFAC656}.Release|Any CPU.ActiveCfg = Release|Any CPU
		{31E6BAA3-C606-4D44-B0D7-46BE7AFAC656}.Release|Any CPU.Build.0 = Release|Any CPU
		{9517265E-5127-460C-9DDE-FE017D73121C}.Debug|Any CPU.ActiveCfg = Debug|Any CPU
		{9517265E-5127-460C-9DDE-FE017D73121C}.Debug|Any CPU.Build.0 = Debug|Any CPU
		{9517265E-5127-460C-9DDE-FE017D73121C}.Release|Any CPU.ActiveCfg = Release|Any CPU
		{9517265E-5127-460C-9DDE-FE017D73121C}.Release|Any CPU.Build.0 = Release|Any CPU
		{C6C4E139-D7AF-486C-95BA-2B879F58F18D}.Debug|Any CPU.ActiveCfg = Debug|Any CPU
		{C6C4E139-D7AF-486C-95BA-2B879F58F18D}.Debug|Any CPU.Build.0 = Debug|Any CPU
		{C6C4E139-D7AF-486C-95BA-2B879F58F18D}.Release|Any CPU.ActiveCfg = Release|Any CPU
		{C6C4E139-D7AF-486C-95BA-2B879F58F18D}.Release|Any CPU.Build.0 = Release|Any CPU
		{4899B527-6815-4E89-84B3-DD5A507B205A}.Debug|Any CPU.ActiveCfg = Debug|Any CPU
		{4899B527-6815-4E89-84B3-DD5A507B205A}.Debug|Any CPU.Build.0 = Debug|Any CPU
		{4899B527-6815-4E89-84B3-DD5A507B205A}.Release|Any CPU.ActiveCfg = Release|Any CPU
		{4899B527-6815-4E89-84B3-DD5A507B205A}.Release|Any CPU.Build.0 = Release|Any CPU
		{CC1EEC95-41EF-44B6-8761-00FA3E647248}.Debug|Any CPU.ActiveCfg = Debug|Any CPU
		{CC1EEC95-41EF-44B6-8761-00FA3E647248}.Debug|Any CPU.Build.0 = Debug|Any CPU
		{CC1EEC95-41EF-44B6-8761-00FA3E647248}.Release|Any CPU.ActiveCfg = Release|Any CPU
		{CC1EEC95-41EF-44B6-8761-00FA3E647248}.Release|Any CPU.Build.0 = Release|Any CPU
		{909BF4EF-4ECA-4AC4-8E21-CDCF05393161}.Debug|Any CPU.ActiveCfg = Debug|Any CPU
		{909BF4EF-4ECA-4AC4-8E21-CDCF05393161}.Debug|Any CPU.Build.0 = Debug|Any CPU
		{909BF4EF-4ECA-4AC4-8E21-CDCF05393161}.Release|Any CPU.ActiveCfg = Release|Any CPU
		{909BF4EF-4ECA-4AC4-8E21-CDCF05393161}.Release|Any CPU.Build.0 = Release|Any CPU
		{77E73F37-9586-44EA-91B0-F244D08467D2}.Debug|Any CPU.ActiveCfg = Debug|Any CPU
		{77E73F37-9586-44EA-91B0-F244D08467D2}.Debug|Any CPU.Build.0 = Debug|Any CPU
		{77E73F37-9586-44EA-91B0-F244D08467D2}.Release|Any CPU.ActiveCfg = Release|Any CPU
		{77E73F37-9586-44EA-91B0-F244D08467D2}.Release|Any CPU.Build.0 = Release|Any CPU
		{A7780698-3072-486E-A105-81EDDF552598}.Debug|Any CPU.ActiveCfg = Debug|Any CPU
		{A7780698-3072-486E-A105-81EDDF552598}.Debug|Any CPU.Build.0 = Debug|Any CPU
		{A7780698-3072-486E-A105-81EDDF552598}.Release|Any CPU.ActiveCfg = Release|Any CPU
		{A7780698-3072-486E-A105-81EDDF552598}.Release|Any CPU.Build.0 = Release|Any CPU
		{31931998-7543-41DA-9E58-D9670D810352}.Debug|Any CPU.ActiveCfg = Debug|Any CPU
		{31931998-7543-41DA-9E58-D9670D810352}.Debug|Any CPU.Build.0 = Debug|Any CPU
		{31931998-7543-41DA-9E58-D9670D810352}.Release|Any CPU.ActiveCfg = Release|Any CPU
		{31931998-7543-41DA-9E58-D9670D810352}.Release|Any CPU.Build.0 = Release|Any CPU
		{90B943AB-3879-4B64-B9FF-1A21297C0F26}.Debug|Any CPU.ActiveCfg = Debug|Any CPU
		{90B943AB-3879-4B64-B9FF-1A21297C0F26}.Debug|Any CPU.Build.0 = Debug|Any CPU
		{90B943AB-3879-4B64-B9FF-1A21297C0F26}.Release|Any CPU.ActiveCfg = Release|Any CPU
		{90B943AB-3879-4B64-B9FF-1A21297C0F26}.Release|Any CPU.Build.0 = Release|Any CPU
		{2C062B51-EFD0-4FDC-8F75-3D76161FBCB5}.Debug|Any CPU.ActiveCfg = Debug|Any CPU
		{2C062B51-EFD0-4FDC-8F75-3D76161FBCB5}.Debug|Any CPU.Build.0 = Debug|Any CPU
		{2C062B51-EFD0-4FDC-8F75-3D76161FBCB5}.Release|Any CPU.ActiveCfg = Release|Any CPU
		{2C062B51-EFD0-4FDC-8F75-3D76161FBCB5}.Release|Any CPU.Build.0 = Release|Any CPU
		{7DD043EB-5E53-4180-B123-CC3CC5022E34}.Debug|Any CPU.ActiveCfg = Debug|Any CPU
		{7DD043EB-5E53-4180-B123-CC3CC5022E34}.Debug|Any CPU.Build.0 = Debug|Any CPU
		{7DD043EB-5E53-4180-B123-CC3CC5022E34}.Release|Any CPU.ActiveCfg = Release|Any CPU
		{7DD043EB-5E53-4180-B123-CC3CC5022E34}.Release|Any CPU.Build.0 = Release|Any CPU
		{25B049BF-66AC-4B7A-B6B1-3DC74DE3951C}.Debug|Any CPU.ActiveCfg = Debug|Any CPU
		{25B049BF-66AC-4B7A-B6B1-3DC74DE3951C}.Debug|Any CPU.Build.0 = Debug|Any CPU
		{25B049BF-66AC-4B7A-B6B1-3DC74DE3951C}.Release|Any CPU.ActiveCfg = Release|Any CPU
		{25B049BF-66AC-4B7A-B6B1-3DC74DE3951C}.Release|Any CPU.Build.0 = Release|Any CPU
		{E631A573-C789-4E13-ABE8-5941A8008DC9}.Debug|Any CPU.ActiveCfg = Debug|Any CPU
		{E631A573-C789-4E13-ABE8-5941A8008DC9}.Debug|Any CPU.Build.0 = Debug|Any CPU
		{E631A573-C789-4E13-ABE8-5941A8008DC9}.Release|Any CPU.ActiveCfg = Release|Any CPU
		{E631A573-C789-4E13-ABE8-5941A8008DC9}.Release|Any CPU.Build.0 = Release|Any CPU
		{B3AC3239-0B12-415A-94CE-BFF6DE1A537E}.Debug|Any CPU.ActiveCfg = Debug|Any CPU
		{B3AC3239-0B12-415A-94CE-BFF6DE1A537E}.Debug|Any CPU.Build.0 = Debug|Any CPU
		{B3AC3239-0B12-415A-94CE-BFF6DE1A537E}.Release|Any CPU.ActiveCfg = Release|Any CPU
		{B3AC3239-0B12-415A-94CE-BFF6DE1A537E}.Release|Any CPU.Build.0 = Release|Any CPU
		{A29CBB5F-19A8-4E80-8D16-722B02B0CF94}.Debug|Any CPU.ActiveCfg = Debug|Any CPU
		{A29CBB5F-19A8-4E80-8D16-722B02B0CF94}.Debug|Any CPU.Build.0 = Debug|Any CPU
		{A29CBB5F-19A8-4E80-8D16-722B02B0CF94}.Release|Any CPU.ActiveCfg = Release|Any CPU
		{A29CBB5F-19A8-4E80-8D16-722B02B0CF94}.Release|Any CPU.Build.0 = Release|Any CPU
		{3BA8DBC9-AF2B-4CE8-A180-803E055B2FEB}.Debug|Any CPU.ActiveCfg = Debug|Any CPU
		{3BA8DBC9-AF2B-4CE8-A180-803E055B2FEB}.Debug|Any CPU.Build.0 = Debug|Any CPU
		{3BA8DBC9-AF2B-4CE8-A180-803E055B2FEB}.Release|Any CPU.ActiveCfg = Release|Any CPU
		{3BA8DBC9-AF2B-4CE8-A180-803E055B2FEB}.Release|Any CPU.Build.0 = Release|Any CPU
		{312B07BC-A830-4289-91B4-C53A2EC37D58}.Debug|Any CPU.ActiveCfg = Debug|Any CPU
		{312B07BC-A830-4289-91B4-C53A2EC37D58}.Release|Any CPU.ActiveCfg = Release|Any CPU
		{74BE0601-FF65-4B46-8A8B-E670056061C4}.Debug|Any CPU.ActiveCfg = Debug|Any CPU
		{74BE0601-FF65-4B46-8A8B-E670056061C4}.Release|Any CPU.ActiveCfg = Release|Any CPU
		{31AEC9B5-35C9-4FEA-8420-4C34D3FEAAC8}.Debug|Any CPU.ActiveCfg = Debug|Any CPU
		{31AEC9B5-35C9-4FEA-8420-4C34D3FEAAC8}.Debug|Any CPU.Build.0 = Debug|Any CPU
		{31AEC9B5-35C9-4FEA-8420-4C34D3FEAAC8}.Release|Any CPU.ActiveCfg = Release|Any CPU
		{31AEC9B5-35C9-4FEA-8420-4C34D3FEAAC8}.Release|Any CPU.Build.0 = Release|Any CPU
		{DA37E6A9-5D59-45A3-A809-ABA85031C369}.Debug|Any CPU.ActiveCfg = Debug|Any CPU
		{DA37E6A9-5D59-45A3-A809-ABA85031C369}.Debug|Any CPU.Build.0 = Debug|Any CPU
		{DA37E6A9-5D59-45A3-A809-ABA85031C369}.Release|Any CPU.ActiveCfg = Release|Any CPU
		{DA37E6A9-5D59-45A3-A809-ABA85031C369}.Release|Any CPU.Build.0 = Release|Any CPU
		{654344A5-0556-49C7-BFB3-59676D7440D3}.Debug|Any CPU.ActiveCfg = Debug|Any CPU
		{654344A5-0556-49C7-BFB3-59676D7440D3}.Debug|Any CPU.Build.0 = Debug|Any CPU
		{654344A5-0556-49C7-BFB3-59676D7440D3}.Release|Any CPU.ActiveCfg = Release|Any CPU
		{654344A5-0556-49C7-BFB3-59676D7440D3}.Release|Any CPU.Build.0 = Release|Any CPU
		{1C3B4A33-E045-4C8F-9202-1B651A686567}.Debug|Any CPU.ActiveCfg = Debug|Any CPU
		{1C3B4A33-E045-4C8F-9202-1B651A686567}.Debug|Any CPU.Build.0 = Debug|Any CPU
		{1C3B4A33-E045-4C8F-9202-1B651A686567}.Release|Any CPU.ActiveCfg = Release|Any CPU
		{1C3B4A33-E045-4C8F-9202-1B651A686567}.Release|Any CPU.Build.0 = Release|Any CPU
		{784D4B45-F12A-4B8F-A86C-35A080814A19}.Debug|Any CPU.ActiveCfg = Debug|Any CPU
		{784D4B45-F12A-4B8F-A86C-35A080814A19}.Debug|Any CPU.Build.0 = Debug|Any CPU
		{784D4B45-F12A-4B8F-A86C-35A080814A19}.Release|Any CPU.ActiveCfg = Release|Any CPU
		{784D4B45-F12A-4B8F-A86C-35A080814A19}.Release|Any CPU.Build.0 = Release|Any CPU
		{43DFEF27-2FD7-4827-A669-DFD2DD1CBBCC}.Debug|Any CPU.ActiveCfg = Debug|Any CPU
		{43DFEF27-2FD7-4827-A669-DFD2DD1CBBCC}.Debug|Any CPU.Build.0 = Debug|Any CPU
		{43DFEF27-2FD7-4827-A669-DFD2DD1CBBCC}.Release|Any CPU.ActiveCfg = Release|Any CPU
		{43DFEF27-2FD7-4827-A669-DFD2DD1CBBCC}.Release|Any CPU.Build.0 = Release|Any CPU
		{8192BAA3-C606-4D44-B0D7-46BE7AFA4096}.Debug|Any CPU.ActiveCfg = Debug|Any CPU
		{8192BAA3-C606-4D44-B0D7-46BE7AFA4096}.Debug|Any CPU.Build.0 = Debug|Any CPU
		{8192BAA3-C606-4D44-B0D7-46BE7AFA4096}.Release|Any CPU.ActiveCfg = Release|Any CPU
		{8192BAA3-C606-4D44-B0D7-46BE7AFA4096}.Release|Any CPU.Build.0 = Release|Any CPU
		{42DC6C97-6E79-4D0A-9A1D-DD34C99248E2}.Debug|Any CPU.ActiveCfg = Debug|Any CPU
		{42DC6C97-6E79-4D0A-9A1D-DD34C99248E2}.Debug|Any CPU.Build.0 = Debug|Any CPU
		{42DC6C97-6E79-4D0A-9A1D-DD34C99248E2}.Release|Any CPU.ActiveCfg = Release|Any CPU
		{42DC6C97-6E79-4D0A-9A1D-DD34C99248E2}.Release|Any CPU.Build.0 = Release|Any CPU
		{B2BB2267-019B-43BB-9225-BCB125BCD6DC}.Debug|Any CPU.ActiveCfg = Debug|Any CPU
		{B2BB2267-019B-43BB-9225-BCB125BCD6DC}.Debug|Any CPU.Build.0 = Debug|Any CPU
		{B2BB2267-019B-43BB-9225-BCB125BCD6DC}.Release|Any CPU.ActiveCfg = Release|Any CPU
		{B2BB2267-019B-43BB-9225-BCB125BCD6DC}.Release|Any CPU.Build.0 = Release|Any CPU
		{8464A22C-0C8D-4C84-85A8-0ACE787BDC75}.Debug|Any CPU.ActiveCfg = Debug|Any CPU
		{8464A22C-0C8D-4C84-85A8-0ACE787BDC75}.Debug|Any CPU.Build.0 = Debug|Any CPU
		{8464A22C-0C8D-4C84-85A8-0ACE787BDC75}.Release|Any CPU.ActiveCfg = Release|Any CPU
		{8464A22C-0C8D-4C84-85A8-0ACE787BDC75}.Release|Any CPU.Build.0 = Release|Any CPU
		{34B82690-0083-4F4C-8ABF-2D2A09304915}.Debug|Any CPU.ActiveCfg = Debug|Any CPU
		{34B82690-0083-4F4C-8ABF-2D2A09304915}.Debug|Any CPU.Build.0 = Debug|Any CPU
		{34B82690-0083-4F4C-8ABF-2D2A09304915}.Release|Any CPU.ActiveCfg = Release|Any CPU
		{34B82690-0083-4F4C-8ABF-2D2A09304915}.Release|Any CPU.Build.0 = Release|Any CPU
		{AFD3F1C4-5C59-4018-B0BB-030E0DA57C5C}.Debug|Any CPU.ActiveCfg = Debug|Any CPU
		{AFD3F1C4-5C59-4018-B0BB-030E0DA57C5C}.Debug|Any CPU.Build.0 = Debug|Any CPU
		{AFD3F1C4-5C59-4018-B0BB-030E0DA57C5C}.Release|Any CPU.ActiveCfg = Release|Any CPU
		{AFD3F1C4-5C59-4018-B0BB-030E0DA57C5C}.Release|Any CPU.Build.0 = Release|Any CPU
		{D35E97FD-E360-4DAA-96D0-DA45F32150B9}.Debug|Any CPU.ActiveCfg = Debug|Any CPU
		{D35E97FD-E360-4DAA-96D0-DA45F32150B9}.Debug|Any CPU.Build.0 = Debug|Any CPU
		{D35E97FD-E360-4DAA-96D0-DA45F32150B9}.Release|Any CPU.ActiveCfg = Release|Any CPU
		{D35E97FD-E360-4DAA-96D0-DA45F32150B9}.Release|Any CPU.Build.0 = Release|Any CPU
	EndGlobalSection
	GlobalSection(SolutionProperties) = preSolution
		HideSolutionNode = FALSE
	EndGlobalSection
	GlobalSection(NestedProjects) = preSolution
		{BE85FEB6-C808-4202-8799-CFA9D292D0B6} = {B4778897-838E-40D6-8DD4-0F79813D6D37}
		{E09F39E6-7268-4AB7-8E99-41DA8F002C30} = {B4778897-838E-40D6-8DD4-0F79813D6D37}
		{94C39851-2130-4ACA-B3B5-82AAEF331D78} = {30BC3244-8A2E-4DE3-8334-4A93149CB49F}
		{49CEF79E-3F0A-4EB3-9630-672CF7BA698D} = {30BC3244-8A2E-4DE3-8334-4A93149CB49F}
		{51311757-0B80-4D11-8D99-8DE6CA2E5E82} = {30BC3244-8A2E-4DE3-8334-4A93149CB49F}
		{06A95AF8-4CB2-4915-9212-94B89872E3AF} = {30BC3244-8A2E-4DE3-8334-4A93149CB49F}
		{189DA02F-D012-45A8-B50D-66B49F04BF11} = {AAD4E208-6254-4760-B8F3-C2AEAAE46A17}
		{7CC377A0-3441-4052-B4C2-BDFA1BA1E069} = {B4778897-838E-40D6-8DD4-0F79813D6D37}
		{C42A1D42-7CC5-4B78-B547-8351DCFC9294} = {4ED94760-8B22-45AD-84CF-3E2D48FD1AAB}
		{444FEB9E-432C-4BEC-803B-92CBA44BF4C9} = {C42A1D42-7CC5-4B78-B547-8351DCFC9294}
		{15725456-952F-4B26-AAA2-8DDF921906ED} = {AAD4E208-6254-4760-B8F3-C2AEAAE46A17}
		{C876085F-9DC3-41F0-B7B4-17022CD84684} = {AB891A22-A69D-46E1-8C75-DB69641D3BBD}
		{F589D8B7-1B0F-4182-842B-09866A4A2CEB} = {AB891A22-A69D-46E1-8C75-DB69641D3BBD}
		{31E6BAA3-C606-4D44-B0D7-46BE7AFAC656} = {AB891A22-A69D-46E1-8C75-DB69641D3BBD}
		{9517265E-5127-460C-9DDE-FE017D73121C} = {02144BF6-4489-4AFC-9B2D-0306C3DD3C19}
		{C6C4E139-D7AF-486C-95BA-2B879F58F18D} = {02144BF6-4489-4AFC-9B2D-0306C3DD3C19}
		{4899B527-6815-4E89-84B3-DD5A507B205A} = {03E75B1D-A443-4A12-B31F-860DB2B45140}
		{CC1EEC95-41EF-44B6-8761-00FA3E647248} = {03E75B1D-A443-4A12-B31F-860DB2B45140}
		{03E75B1D-A443-4A12-B31F-860DB2B45140} = {EF9E346D-70C6-45F5-8FF9-9B734F4A1298}
		{9B87B0F7-B02C-4498-BB03-B6E282F86557} = {EF9E346D-70C6-45F5-8FF9-9B734F4A1298}
		{30F628FD-5739-49E7-B9D9-37EC93F429A9} = {EF9E346D-70C6-45F5-8FF9-9B734F4A1298}
		{909BF4EF-4ECA-4AC4-8E21-CDCF05393161} = {9B87B0F7-B02C-4498-BB03-B6E282F86557}
		{77E73F37-9586-44EA-91B0-F244D08467D2} = {9B87B0F7-B02C-4498-BB03-B6E282F86557}
		{DE95444A-F6FD-46DC-BBDC-A1A6886A6F2D} = {EF9E346D-70C6-45F5-8FF9-9B734F4A1298}
		{A7780698-3072-486E-A105-81EDDF552598} = {DE95444A-F6FD-46DC-BBDC-A1A6886A6F2D}
		{31931998-7543-41DA-9E58-D9670D810352} = {DE95444A-F6FD-46DC-BBDC-A1A6886A6F2D}
		{04E8E124-852C-4B5D-83EB-0B8ADDE825CB} = {87F4BC36-8A28-4BF7-B9C4-3EE2CD9731CD}
		{5989E210-AE15-4DF4-8CEE-DEE609740FD2} = {04E8E124-852C-4B5D-83EB-0B8ADDE825CB}
		{9750C692-C2D0-4D0F-9F73-D45DB9E906CE} = {5989E210-AE15-4DF4-8CEE-DEE609740FD2}
		{A9C01442-1E93-4C2D-9182-B61C9F53C3FF} = {EF9E346D-70C6-45F5-8FF9-9B734F4A1298}
		{90B943AB-3879-4B64-B9FF-1A21297C0F26} = {30F628FD-5739-49E7-B9D9-37EC93F429A9}
		{2C062B51-EFD0-4FDC-8F75-3D76161FBCB5} = {30F628FD-5739-49E7-B9D9-37EC93F429A9}
		{7DD043EB-5E53-4180-B123-CC3CC5022E34} = {30F628FD-5739-49E7-B9D9-37EC93F429A9}
		{25B049BF-66AC-4B7A-B6B1-3DC74DE3951C} = {30F628FD-5739-49E7-B9D9-37EC93F429A9}
		{74F7C659-952F-400C-839F-90BED9BB66C3} = {EF9E346D-70C6-45F5-8FF9-9B734F4A1298}
		{E631A573-C789-4E13-ABE8-5941A8008DC9} = {74F7C659-952F-400C-839F-90BED9BB66C3}
		{B3AC3239-0B12-415A-94CE-BFF6DE1A537E} = {74F7C659-952F-400C-839F-90BED9BB66C3}
		{A29CBB5F-19A8-4E80-8D16-722B02B0CF94} = {74F7C659-952F-400C-839F-90BED9BB66C3}
		{3BA8DBC9-AF2B-4CE8-A180-803E055B2FEB} = {74F7C659-952F-400C-839F-90BED9BB66C3}
		{312B07BC-A830-4289-91B4-C53A2EC37D58} = {74F7C659-952F-400C-839F-90BED9BB66C3}
		{74BE0601-FF65-4B46-8A8B-E670056061C4} = {74F7C659-952F-400C-839F-90BED9BB66C3}
		{31AEC9B5-35C9-4FEA-8420-4C34D3FEAAC8} = {02144BF6-4489-4AFC-9B2D-0306C3DD3C19}
		{DA37E6A9-5D59-45A3-A809-ABA85031C369} = {02144BF6-4489-4AFC-9B2D-0306C3DD3C19}
		{B6A1FC1E-0779-4900-84EE-262DD0E53FF4} = {EF9E346D-70C6-45F5-8FF9-9B734F4A1298}
		{654344A5-0556-49C7-BFB3-59676D7440D3} = {B6A1FC1E-0779-4900-84EE-262DD0E53FF4}
		{1C3B4A33-E045-4C8F-9202-1B651A686567} = {B6A1FC1E-0779-4900-84EE-262DD0E53FF4}
		{784D4B45-F12A-4B8F-A86C-35A080814A19} = {03E75B1D-A443-4A12-B31F-860DB2B45140}
		{43DFEF27-2FD7-4827-A669-DFD2DD1CBBCC} = {03E75B1D-A443-4A12-B31F-860DB2B45140}
		{8192BAA3-C606-4D44-B0D7-46BE7AFA4096} = {03E75B1D-A443-4A12-B31F-860DB2B45140}
		{42DC6C97-6E79-4D0A-9A1D-DD34C99248E2} = {AB891A22-A69D-46E1-8C75-DB69641D3BBD}
		{1803891D-AB39-4734-8681-A213C2F55A1E} = {EF9E346D-70C6-45F5-8FF9-9B734F4A1298}
		{34B82690-0083-4F4C-8ABF-2D2A09304915} = {A9C01442-1E93-4C2D-9182-B61C9F53C3FF}
		{AFD3F1C4-5C59-4018-B0BB-030E0DA57C5C} = {A9C01442-1E93-4C2D-9182-B61C9F53C3FF}
		{D35E97FD-E360-4DAA-96D0-DA45F32150B9} = {A9C01442-1E93-4C2D-9182-B61C9F53C3FF}
	EndGlobalSection
EndGlobal
