
Microsoft Visual Studio Solution File, Format Version 12.00
# Visual Studio 15
VisualStudioVersion = 15.0.27004.2009
MinimumVisualStudioVersion = 10.0.40219.1
Project("{2150E333-8FDC-42A3-9474-1A3956D46DE8}") = "Generators", "Generators", "{EF9E346D-70C6-45F5-8FF9-9B734F4A1298}"
EndProject
Project("{2150E333-8FDC-42A3-9474-1A3956D46DE8}") = "Modelers", "Modelers", "{02144BF6-4489-4AFC-9B2D-0306C3DD3C19}"
EndProject
Project("{2150E333-8FDC-42A3-9474-1A3956D46DE8}") = "CSharp", "CSharp", "{03E75B1D-A443-4A12-B31F-860DB2B45140}"
EndProject
Project("{2150E333-8FDC-42A3-9474-1A3956D46DE8}") = "NodeJS", "NodeJS", "{9B87B0F7-B02C-4498-BB03-B6E282F86557}"
EndProject
Project("{2150E333-8FDC-42A3-9474-1A3956D46DE8}") = "Extensions", "Extensions", "{30F628FD-5739-49E7-B9D9-37EC93F429A9}"
EndProject
Project("{2150E333-8FDC-42A3-9474-1A3956D46DE8}") = ".build", ".build", "{04E8E124-852C-4B5D-83EB-0B8ADDE825CB}"
	ProjectSection(SolutionItems) = preProject
		build.proj = build.proj
		ChangeLog.txt = ChangeLog.txt
		gulpfile.js = gulpfile.js
		package.json = package.json
		README.md = README.md
	EndProjectSection
EndProject
Project("{2150E333-8FDC-42A3-9474-1A3956D46DE8}") = "Tools", "Tools", "{5989E210-AE15-4DF4-8CEE-DEE609740FD2}"
	ProjectSection(SolutionItems) = preProject
		Tools\AutoRest.Settings.targets = Tools\AutoRest.Settings.targets
		Tools\CustomDictionary.xml = Tools\CustomDictionary.xml
		Tools\ManagedRules.ruleset = Tools\ManagedRules.ruleset
		Tools\NuGet.targets = Tools\NuGet.targets
		Tools\references.net45.props = Tools\references.net45.props
		Tools\references.portable.props = Tools\references.portable.props
		Tools\TestRules.ruleset = Tools\TestRules.ruleset
	EndProjectSection
EndProject
Project("{2150E333-8FDC-42A3-9474-1A3956D46DE8}") = "gulp", "gulp", "{9750C692-C2D0-4D0F-9F73-D45DB9E906CE}"
	ProjectSection(SolutionItems) = preProject
		Tools\gulp\gulp-nuget-proj-sync.js = Tools\gulp\gulp-nuget-proj-sync.js
		Tools\gulp\gulp-nuspec-sync.js = Tools\gulp\gulp-nuspec-sync.js
		Tools\gulp\gulp-regenerate-expected.js = Tools\gulp\gulp-regenerate-expected.js
		Tools\gulp\gulp-runtime-version-sync.js = Tools\gulp\gulp-runtime-version-sync.js
	EndProjectSection
EndProject
Project("{2150E333-8FDC-42A3-9474-1A3956D46DE8}") = "Solution Items", "Solution Items", "{87F4BC36-8A28-4BF7-B9C4-3EE2CD9731CD}"
	ProjectSection(SolutionItems) = preProject
		NuGet.Config = NuGet.Config
		schema\swagger-extensions.json = schema\swagger-extensions.json
	EndProjectSection
EndProject
Project("{2150E333-8FDC-42A3-9474-1A3956D46DE8}") = "AzureResourceSchema", "AzureResourceSchema", "{B6A1FC1E-0779-4900-84EE-262DD0E53FF4}"
EndProject
Project("{2150E333-8FDC-42A3-9474-1A3956D46DE8}") = "Go", "Go", "{1803891D-AB39-4734-8681-A213C2F55A1E}"
EndProject
Project("{2150E333-8FDC-42A3-9474-1A3956D46DE8}") = "Core", "Core", "{AB891A22-A69D-46E1-8C75-DB69641D3BBD}"
EndProject
Project("{2150E333-8FDC-42A3-9474-1A3956D46DE8}") = "TypeScript", "TypeScript", "{E9D3F4E8-BAE0-487B-89B5-6E271D9848B8}"
EndProject
Project("{9A19103F-16F7-4668-BE54-9A1E7A4F7556}") = "AutoRest.Core", "src\core\AutoRest.Core\AutoRest.Core.csproj", "{C876085F-9DC3-41F0-B7B4-17022CD84684}"
EndProject
Project("{9A19103F-16F7-4668-BE54-9A1E7A4F7556}") = "AutoRest", "src\core\AutoRest\AutoRest.csproj", "{F589D8B7-1B0F-4182-842B-09866A4A2CEB}"
EndProject
Project("{9A19103F-16F7-4668-BE54-9A1E7A4F7556}") = "AutoRest.Core.Tests", "src\core\AutoRest.Core.Tests\AutoRest.Core.Tests.csproj", "{31E6BAA3-C606-4D44-B0D7-46BE7AFAC656}"
EndProject
Project("{9A19103F-16F7-4668-BE54-9A1E7A4F7556}") = "AutoRest.Swagger", "src\modeler\AutoRest.Swagger\AutoRest.Swagger.csproj", "{9517265E-5127-460C-9DDE-FE017D73121C}"
EndProject
Project("{9A19103F-16F7-4668-BE54-9A1E7A4F7556}") = "AutoRest.Swagger.Tests", "src\modeler\AutoRest.Swagger.Tests\AutoRest.Swagger.Tests.csproj", "{C6C4E139-D7AF-486C-95BA-2B879F58F18D}"
EndProject
Project("{9A19103F-16F7-4668-BE54-9A1E7A4F7556}") = "AutoRest.CSharp.Azure", "src\generator\AutoRest.CSharp.Azure\AutoRest.CSharp.Azure.csproj", "{4899B527-6815-4E89-84B3-DD5A507B205A}"
EndProject
Project("{9A19103F-16F7-4668-BE54-9A1E7A4F7556}") = "AutoRest.CSharp", "src\generator\AutoRest.CSharp\AutoRest.CSharp.csproj", "{CC1EEC95-41EF-44B6-8761-00FA3E647248}"
EndProject
Project("{9A19103F-16F7-4668-BE54-9A1E7A4F7556}") = "AutoRest.NodeJS.Azure", "src\generator\AutoRest.NodeJS.Azure\AutoRest.NodeJS.Azure.csproj", "{909BF4EF-4ECA-4AC4-8E21-CDCF05393161}"
EndProject
Project("{9A19103F-16F7-4668-BE54-9A1E7A4F7556}") = "AutoRest.NodeJS", "src\generator\AutoRest.NodeJS\AutoRest.NodeJS.csproj", "{77E73F37-9586-44EA-91B0-F244D08467D2}"
EndProject
Project("{9A19103F-16F7-4668-BE54-9A1E7A4F7556}") = "AutoRest.Extensions.Azure", "src\core\AutoRest.Extensions.Azure\AutoRest.Extensions.Azure.csproj", "{90B943AB-3879-4B64-B9FF-1A21297C0F26}"
EndProject
Project("{9A19103F-16F7-4668-BE54-9A1E7A4F7556}") = "AutoRest.Extensions.Azure.Tests", "src\core\AutoRest.Extensions.Azure.Tests\AutoRest.Extensions.Azure.Tests.csproj", "{2C062B51-EFD0-4FDC-8F75-3D76161FBCB5}"
EndProject
Project("{9A19103F-16F7-4668-BE54-9A1E7A4F7556}") = "AutoRest.Extensions", "src\core\AutoRest.Extensions\AutoRest.Extensions.csproj", "{7DD043EB-5E53-4180-B123-CC3CC5022E34}"
EndProject
Project("{9A19103F-16F7-4668-BE54-9A1E7A4F7556}") = "AutoRest.Extensions.Tests", "src\core\AutoRest.Extensions.Tests\AutoRest.Extensions.Tests.csproj", "{25B049BF-66AC-4B7A-B6B1-3DC74DE3951C}"
EndProject
Project("{9A19103F-16F7-4668-BE54-9A1E7A4F7556}") = "AutoRest.CompositeSwagger", "src\modeler\AutoRest.CompositeSwagger\AutoRest.CompositeSwagger.csproj", "{31AEC9B5-35C9-4FEA-8420-4C34D3FEAAC8}"
EndProject
Project("{9A19103F-16F7-4668-BE54-9A1E7A4F7556}") = "AutoRest.CompositeSwagger.Tests", "src\modeler\AutoRest.CompositeSwagger.Tests\AutoRest.CompositeSwagger.Tests.csproj", "{DA37E6A9-5D59-45A3-A809-ABA85031C369}"
EndProject
Project("{9A19103F-16F7-4668-BE54-9A1E7A4F7556}") = "AutoRest.AzureResourceSchema", "src\generator\AutoRest.AzureResourceSchema\AutoRest.AzureResourceSchema.csproj", "{654344A5-0556-49C7-BFB3-59676D7440D3}"
EndProject
Project("{9A19103F-16F7-4668-BE54-9A1E7A4F7556}") = "AutoRest.AzureResourceSchema.Tests", "src\generator\AutoRest.AzureResourceSchema.Tests\AutoRest.AzureResourceSchema.Tests.csproj", "{1C3B4A33-E045-4C8F-9202-1B651A686567}"
EndProject
Project("{9A19103F-16F7-4668-BE54-9A1E7A4F7556}") = "AutoRest.CSharp.Tests", "src\generator\AutoRest.CSharp.Tests\AutoRest.CSharp.Tests.csproj", "{784D4B45-F12A-4B8F-A86C-35A080814A19}"
EndProject
Project("{9A19103F-16F7-4668-BE54-9A1E7A4F7556}") = "AutoRest.CSharp.Azure.Tests", "src\generator\AutoRest.CSharp.Azure.Tests\AutoRest.CSharp.Azure.Tests.csproj", "{43DFEF27-2FD7-4827-A669-DFD2DD1CBBCC}"
EndProject
Project("{9A19103F-16F7-4668-BE54-9A1E7A4F7556}") = "AutoRest.CSharp.Unit.Tests", "src\generator\AutoRest.CSharp.Unit.Tests\AutoRest.CSharp.Unit.Tests.csproj", "{8192BAA3-C606-4D44-B0D7-46BE7AFA4096}"
EndProject
Project("{9A19103F-16F7-4668-BE54-9A1E7A4F7556}") = "AutoRest.Tooling.CSharp.Compiler", "src\dev\AutoRest.Tooling.CSharp.Compiler\AutoRest.Tooling.CSharp.Compiler.csproj", "{42DC6C97-6E79-4D0A-9A1D-DD34C99248E2}"
EndProject
Project("{9A19103F-16F7-4668-BE54-9A1E7A4F7556}") = "AutoRest.Go", "src\generator\AutoRest.Go\AutoRest.Go.csproj", "{BEDCF556-6CEA-4EAE-ACE3-8B9EFE0818E5}"
EndProject
Project("{9A19103F-16F7-4668-BE54-9A1E7A4F7556}") = "AutoRest.Preview", "src\dev\AutoRest.Preview\AutoRest.Preview.csproj", "{B2BB2267-019B-43BB-9225-BCB125BCD6DC}"
EndProject
Project("{9A19103F-16F7-4668-BE54-9A1E7A4F7556}") = "AutoRest.CSharp.Azure.Fluent", "src\generator\AutoRest.CSharp.Azure.Fluent\AutoRest.CSharp.Azure.Fluent.csproj", "{8464A22C-0C8D-4C84-85A8-0ACE787BDC75}"
EndProject
Project("{9A19103F-16F7-4668-BE54-9A1E7A4F7556}") = "AutoRest.CSharp.Azure.Fluent.Tests", "src\generator\AutoRest.CSharp.Azure.Fluent.Tests\AutoRest.CSharp.Azure.Fluent.Tests.csproj", "{8464A22C-0C8E-4C84-85A8-0ACE787BDC75}"
EndProject
Project("{9A19103F-16F7-4668-BE54-9A1E7A4F7556}") = "AutoRest.TypeScript.SuperAgent", "src\generator\AutoRest.TypeScript.SuperAgent\AutoRest.TypeScript.SuperAgent.csproj", "{2F19209C-3A73-4864-8DA3-3BC82BD4A061}"
EndProject
Project("{9A19103F-16F7-4668-BE54-9A1E7A4F7556}") = "AutoRest.TypeScript.SuperAgent.Tests", "src\generator\AutoRest.TypeScript.SuperAgent.Tests\AutoRest.TypeScript.SuperAgent.Tests.csproj", "{D56ED99A-FEB0-4A63-8517-4CDA86965A0B}"
EndProject
Project("{9A19103F-16F7-4668-BE54-9A1E7A4F7556}") = "AutoRest.CSharp.LoadBalanced.Json", "src\generator\AutoRest.CSharp.LoadBalanced.Json\AutoRest.CSharp.LoadBalanced.Json.csproj", "{E43394E0-0E28-4743-A63B-95FCDA9609CD}"
EndProject
Project("{9A19103F-16F7-4668-BE54-9A1E7A4F7556}") = "AutoRest.CSharp.LoadBalanced", "src\generator\AutoRest.CSharp.LoadBalanced\AutoRest.CSharp.LoadBalanced.csproj", "{3DBE405B-EB6F-4798-8043-EE3DCCE4D0FB}"
EndProject
Project("{9A19103F-16F7-4668-BE54-9A1E7A4F7556}") = "AutoRest.CSharp.LoadBalanced.Tests", "src\generator\AutoRest.CSharp.LoadBalanced.Tests\AutoRest.CSharp.LoadBalanced.Tests.csproj", "{EF92364F-AC46-4A88-81BC-45506378DA88}"
EndProject
Project("{9A19103F-16F7-4668-BE54-9A1E7A4F7556}") = "AutoRest.CSharp.LoadBalanced.Legacy", "src\generator\AutoRest.CSharp.LoadBalanced.Legacy\AutoRest.CSharp.LoadBalanced.Legacy.csproj", "{38141FEB-5F5E-46E8-A972-D1140274AE95}"
EndProject
Project("{9A19103F-16F7-4668-BE54-9A1E7A4F7556}") = "AutoRest.CSharp.LoadBalanced.Legacy.Tests", "src\generator\AutoRest.CSharp.LoadBalanced.Legacy.Tests\AutoRest.CSharp.LoadBalanced.Legacy.Tests.csproj", "{2824784F-FD7E-4B46-B1B3-6E23EAB52D02}"
EndProject
Global
	GlobalSection(SolutionConfigurationPlatforms) = preSolution
		Debug|Any CPU = Debug|Any CPU
		Release|Any CPU = Release|Any CPU
	EndGlobalSection
	GlobalSection(ProjectConfigurationPlatforms) = postSolution
		{C876085F-9DC3-41F0-B7B4-17022CD84684}.Debug|Any CPU.ActiveCfg = Debug|Any CPU
		{C876085F-9DC3-41F0-B7B4-17022CD84684}.Debug|Any CPU.Build.0 = Debug|Any CPU
		{C876085F-9DC3-41F0-B7B4-17022CD84684}.Release|Any CPU.ActiveCfg = Release|Any CPU
		{C876085F-9DC3-41F0-B7B4-17022CD84684}.Release|Any CPU.Build.0 = Release|Any CPU
		{F589D8B7-1B0F-4182-842B-09866A4A2CEB}.Debug|Any CPU.ActiveCfg = Debug|Any CPU
		{F589D8B7-1B0F-4182-842B-09866A4A2CEB}.Debug|Any CPU.Build.0 = Debug|Any CPU
		{F589D8B7-1B0F-4182-842B-09866A4A2CEB}.Release|Any CPU.ActiveCfg = Release|Any CPU
		{F589D8B7-1B0F-4182-842B-09866A4A2CEB}.Release|Any CPU.Build.0 = Release|Any CPU
		{31E6BAA3-C606-4D44-B0D7-46BE7AFAC656}.Debug|Any CPU.ActiveCfg = Debug|Any CPU
		{31E6BAA3-C606-4D44-B0D7-46BE7AFAC656}.Debug|Any CPU.Build.0 = Debug|Any CPU
		{31E6BAA3-C606-4D44-B0D7-46BE7AFAC656}.Release|Any CPU.ActiveCfg = Release|Any CPU
		{31E6BAA3-C606-4D44-B0D7-46BE7AFAC656}.Release|Any CPU.Build.0 = Release|Any CPU
		{9517265E-5127-460C-9DDE-FE017D73121C}.Debug|Any CPU.ActiveCfg = Debug|Any CPU
		{9517265E-5127-460C-9DDE-FE017D73121C}.Debug|Any CPU.Build.0 = Debug|Any CPU
		{9517265E-5127-460C-9DDE-FE017D73121C}.Release|Any CPU.ActiveCfg = Release|Any CPU
		{9517265E-5127-460C-9DDE-FE017D73121C}.Release|Any CPU.Build.0 = Release|Any CPU
		{C6C4E139-D7AF-486C-95BA-2B879F58F18D}.Debug|Any CPU.ActiveCfg = Debug|Any CPU
		{C6C4E139-D7AF-486C-95BA-2B879F58F18D}.Debug|Any CPU.Build.0 = Debug|Any CPU
		{C6C4E139-D7AF-486C-95BA-2B879F58F18D}.Release|Any CPU.ActiveCfg = Release|Any CPU
		{C6C4E139-D7AF-486C-95BA-2B879F58F18D}.Release|Any CPU.Build.0 = Release|Any CPU
		{4899B527-6815-4E89-84B3-DD5A507B205A}.Debug|Any CPU.ActiveCfg = Debug|Any CPU
		{4899B527-6815-4E89-84B3-DD5A507B205A}.Debug|Any CPU.Build.0 = Debug|Any CPU
		{4899B527-6815-4E89-84B3-DD5A507B205A}.Release|Any CPU.ActiveCfg = Release|Any CPU
		{4899B527-6815-4E89-84B3-DD5A507B205A}.Release|Any CPU.Build.0 = Release|Any CPU
		{CC1EEC95-41EF-44B6-8761-00FA3E647248}.Debug|Any CPU.ActiveCfg = Debug|Any CPU
		{CC1EEC95-41EF-44B6-8761-00FA3E647248}.Debug|Any CPU.Build.0 = Debug|Any CPU
		{CC1EEC95-41EF-44B6-8761-00FA3E647248}.Release|Any CPU.ActiveCfg = Release|Any CPU
		{CC1EEC95-41EF-44B6-8761-00FA3E647248}.Release|Any CPU.Build.0 = Release|Any CPU
		{909BF4EF-4ECA-4AC4-8E21-CDCF05393161}.Debug|Any CPU.ActiveCfg = Debug|Any CPU
		{909BF4EF-4ECA-4AC4-8E21-CDCF05393161}.Debug|Any CPU.Build.0 = Debug|Any CPU
		{909BF4EF-4ECA-4AC4-8E21-CDCF05393161}.Release|Any CPU.ActiveCfg = Release|Any CPU
		{909BF4EF-4ECA-4AC4-8E21-CDCF05393161}.Release|Any CPU.Build.0 = Release|Any CPU
		{77E73F37-9586-44EA-91B0-F244D08467D2}.Debug|Any CPU.ActiveCfg = Debug|Any CPU
		{77E73F37-9586-44EA-91B0-F244D08467D2}.Debug|Any CPU.Build.0 = Debug|Any CPU
		{77E73F37-9586-44EA-91B0-F244D08467D2}.Release|Any CPU.ActiveCfg = Release|Any CPU
		{77E73F37-9586-44EA-91B0-F244D08467D2}.Release|Any CPU.Build.0 = Release|Any CPU
		{90B943AB-3879-4B64-B9FF-1A21297C0F26}.Debug|Any CPU.ActiveCfg = Debug|Any CPU
		{90B943AB-3879-4B64-B9FF-1A21297C0F26}.Debug|Any CPU.Build.0 = Debug|Any CPU
		{90B943AB-3879-4B64-B9FF-1A21297C0F26}.Release|Any CPU.ActiveCfg = Release|Any CPU
		{90B943AB-3879-4B64-B9FF-1A21297C0F26}.Release|Any CPU.Build.0 = Release|Any CPU
		{2C062B51-EFD0-4FDC-8F75-3D76161FBCB5}.Debug|Any CPU.ActiveCfg = Debug|Any CPU
		{2C062B51-EFD0-4FDC-8F75-3D76161FBCB5}.Debug|Any CPU.Build.0 = Debug|Any CPU
		{2C062B51-EFD0-4FDC-8F75-3D76161FBCB5}.Release|Any CPU.ActiveCfg = Release|Any CPU
		{2C062B51-EFD0-4FDC-8F75-3D76161FBCB5}.Release|Any CPU.Build.0 = Release|Any CPU
		{7DD043EB-5E53-4180-B123-CC3CC5022E34}.Debug|Any CPU.ActiveCfg = Debug|Any CPU
		{7DD043EB-5E53-4180-B123-CC3CC5022E34}.Debug|Any CPU.Build.0 = Debug|Any CPU
		{7DD043EB-5E53-4180-B123-CC3CC5022E34}.Release|Any CPU.ActiveCfg = Release|Any CPU
		{7DD043EB-5E53-4180-B123-CC3CC5022E34}.Release|Any CPU.Build.0 = Release|Any CPU
		{25B049BF-66AC-4B7A-B6B1-3DC74DE3951C}.Debug|Any CPU.ActiveCfg = Debug|Any CPU
		{25B049BF-66AC-4B7A-B6B1-3DC74DE3951C}.Debug|Any CPU.Build.0 = Debug|Any CPU
		{25B049BF-66AC-4B7A-B6B1-3DC74DE3951C}.Release|Any CPU.ActiveCfg = Release|Any CPU
		{25B049BF-66AC-4B7A-B6B1-3DC74DE3951C}.Release|Any CPU.Build.0 = Release|Any CPU
		{31AEC9B5-35C9-4FEA-8420-4C34D3FEAAC8}.Debug|Any CPU.ActiveCfg = Debug|Any CPU
		{31AEC9B5-35C9-4FEA-8420-4C34D3FEAAC8}.Debug|Any CPU.Build.0 = Debug|Any CPU
		{31AEC9B5-35C9-4FEA-8420-4C34D3FEAAC8}.Release|Any CPU.ActiveCfg = Release|Any CPU
		{31AEC9B5-35C9-4FEA-8420-4C34D3FEAAC8}.Release|Any CPU.Build.0 = Release|Any CPU
		{DA37E6A9-5D59-45A3-A809-ABA85031C369}.Debug|Any CPU.ActiveCfg = Debug|Any CPU
		{DA37E6A9-5D59-45A3-A809-ABA85031C369}.Debug|Any CPU.Build.0 = Debug|Any CPU
		{DA37E6A9-5D59-45A3-A809-ABA85031C369}.Release|Any CPU.ActiveCfg = Release|Any CPU
		{DA37E6A9-5D59-45A3-A809-ABA85031C369}.Release|Any CPU.Build.0 = Release|Any CPU
		{654344A5-0556-49C7-BFB3-59676D7440D3}.Debug|Any CPU.ActiveCfg = Debug|Any CPU
		{654344A5-0556-49C7-BFB3-59676D7440D3}.Debug|Any CPU.Build.0 = Debug|Any CPU
		{654344A5-0556-49C7-BFB3-59676D7440D3}.Release|Any CPU.ActiveCfg = Release|Any CPU
		{654344A5-0556-49C7-BFB3-59676D7440D3}.Release|Any CPU.Build.0 = Release|Any CPU
		{1C3B4A33-E045-4C8F-9202-1B651A686567}.Debug|Any CPU.ActiveCfg = Debug|Any CPU
		{1C3B4A33-E045-4C8F-9202-1B651A686567}.Debug|Any CPU.Build.0 = Debug|Any CPU
		{1C3B4A33-E045-4C8F-9202-1B651A686567}.Release|Any CPU.ActiveCfg = Release|Any CPU
		{1C3B4A33-E045-4C8F-9202-1B651A686567}.Release|Any CPU.Build.0 = Release|Any CPU
		{784D4B45-F12A-4B8F-A86C-35A080814A19}.Debug|Any CPU.ActiveCfg = Debug|Any CPU
		{784D4B45-F12A-4B8F-A86C-35A080814A19}.Debug|Any CPU.Build.0 = Debug|Any CPU
		{784D4B45-F12A-4B8F-A86C-35A080814A19}.Release|Any CPU.ActiveCfg = Release|Any CPU
		{784D4B45-F12A-4B8F-A86C-35A080814A19}.Release|Any CPU.Build.0 = Release|Any CPU
		{43DFEF27-2FD7-4827-A669-DFD2DD1CBBCC}.Debug|Any CPU.ActiveCfg = Debug|Any CPU
		{43DFEF27-2FD7-4827-A669-DFD2DD1CBBCC}.Debug|Any CPU.Build.0 = Debug|Any CPU
		{43DFEF27-2FD7-4827-A669-DFD2DD1CBBCC}.Release|Any CPU.ActiveCfg = Release|Any CPU
		{43DFEF27-2FD7-4827-A669-DFD2DD1CBBCC}.Release|Any CPU.Build.0 = Release|Any CPU
		{8192BAA3-C606-4D44-B0D7-46BE7AFA4096}.Debug|Any CPU.ActiveCfg = Debug|Any CPU
		{8192BAA3-C606-4D44-B0D7-46BE7AFA4096}.Debug|Any CPU.Build.0 = Debug|Any CPU
		{8192BAA3-C606-4D44-B0D7-46BE7AFA4096}.Release|Any CPU.ActiveCfg = Release|Any CPU
		{8192BAA3-C606-4D44-B0D7-46BE7AFA4096}.Release|Any CPU.Build.0 = Release|Any CPU
		{42DC6C97-6E79-4D0A-9A1D-DD34C99248E2}.Debug|Any CPU.ActiveCfg = Debug|Any CPU
		{42DC6C97-6E79-4D0A-9A1D-DD34C99248E2}.Debug|Any CPU.Build.0 = Debug|Any CPU
		{42DC6C97-6E79-4D0A-9A1D-DD34C99248E2}.Release|Any CPU.ActiveCfg = Release|Any CPU
		{42DC6C97-6E79-4D0A-9A1D-DD34C99248E2}.Release|Any CPU.Build.0 = Release|Any CPU
		{BEDCF556-6CEA-4EAE-ACE3-8B9EFE0818E5}.Debug|Any CPU.ActiveCfg = Debug|Any CPU
		{BEDCF556-6CEA-4EAE-ACE3-8B9EFE0818E5}.Debug|Any CPU.Build.0 = Debug|Any CPU
		{BEDCF556-6CEA-4EAE-ACE3-8B9EFE0818E5}.Release|Any CPU.ActiveCfg = Release|Any CPU
		{BEDCF556-6CEA-4EAE-ACE3-8B9EFE0818E5}.Release|Any CPU.Build.0 = Release|Any CPU
		{B2BB2267-019B-43BB-9225-BCB125BCD6DC}.Debug|Any CPU.ActiveCfg = Debug|Any CPU
		{B2BB2267-019B-43BB-9225-BCB125BCD6DC}.Debug|Any CPU.Build.0 = Debug|Any CPU
		{B2BB2267-019B-43BB-9225-BCB125BCD6DC}.Release|Any CPU.ActiveCfg = Release|Any CPU
		{B2BB2267-019B-43BB-9225-BCB125BCD6DC}.Release|Any CPU.Build.0 = Release|Any CPU
		{8464A22C-0C8D-4C84-85A8-0ACE787BDC75}.Debug|Any CPU.ActiveCfg = Debug|Any CPU
		{8464A22C-0C8D-4C84-85A8-0ACE787BDC75}.Debug|Any CPU.Build.0 = Debug|Any CPU
		{8464A22C-0C8D-4C84-85A8-0ACE787BDC75}.Release|Any CPU.ActiveCfg = Release|Any CPU
		{8464A22C-0C8D-4C84-85A8-0ACE787BDC75}.Release|Any CPU.Build.0 = Release|Any CPU
		{8464A22C-0C8E-4C84-85A8-0ACE787BDC75}.Debug|Any CPU.ActiveCfg = Debug|Any CPU
		{8464A22C-0C8E-4C84-85A8-0ACE787BDC75}.Debug|Any CPU.Build.0 = Debug|Any CPU
		{8464A22C-0C8E-4C84-85A8-0ACE787BDC75}.Release|Any CPU.ActiveCfg = Release|Any CPU
		{8464A22C-0C8E-4C84-85A8-0ACE787BDC75}.Release|Any CPU.Build.0 = Release|Any CPU
		{2F19209C-3A73-4864-8DA3-3BC82BD4A061}.Debug|Any CPU.ActiveCfg = Debug|Any CPU
		{2F19209C-3A73-4864-8DA3-3BC82BD4A061}.Debug|Any CPU.Build.0 = Debug|Any CPU
		{2F19209C-3A73-4864-8DA3-3BC82BD4A061}.Release|Any CPU.ActiveCfg = Release|Any CPU
		{2F19209C-3A73-4864-8DA3-3BC82BD4A061}.Release|Any CPU.Build.0 = Release|Any CPU
		{D56ED99A-FEB0-4A63-8517-4CDA86965A0B}.Debug|Any CPU.ActiveCfg = Debug|Any CPU
		{D56ED99A-FEB0-4A63-8517-4CDA86965A0B}.Debug|Any CPU.Build.0 = Debug|Any CPU
		{D56ED99A-FEB0-4A63-8517-4CDA86965A0B}.Release|Any CPU.ActiveCfg = Release|Any CPU
		{D56ED99A-FEB0-4A63-8517-4CDA86965A0B}.Release|Any CPU.Build.0 = Release|Any CPU
		{E43394E0-0E28-4743-A63B-95FCDA9609CD}.Debug|Any CPU.ActiveCfg = Debug|Any CPU
		{E43394E0-0E28-4743-A63B-95FCDA9609CD}.Debug|Any CPU.Build.0 = Debug|Any CPU
		{E43394E0-0E28-4743-A63B-95FCDA9609CD}.Release|Any CPU.ActiveCfg = Release|Any CPU
		{E43394E0-0E28-4743-A63B-95FCDA9609CD}.Release|Any CPU.Build.0 = Release|Any CPU
		{3DBE405B-EB6F-4798-8043-EE3DCCE4D0FB}.Debug|Any CPU.ActiveCfg = Debug|Any CPU
		{3DBE405B-EB6F-4798-8043-EE3DCCE4D0FB}.Debug|Any CPU.Build.0 = Debug|Any CPU
		{3DBE405B-EB6F-4798-8043-EE3DCCE4D0FB}.Release|Any CPU.ActiveCfg = Release|Any CPU
		{3DBE405B-EB6F-4798-8043-EE3DCCE4D0FB}.Release|Any CPU.Build.0 = Release|Any CPU
		{EF92364F-AC46-4A88-81BC-45506378DA88}.Debug|Any CPU.ActiveCfg = Debug|Any CPU
		{EF92364F-AC46-4A88-81BC-45506378DA88}.Debug|Any CPU.Build.0 = Debug|Any CPU
		{EF92364F-AC46-4A88-81BC-45506378DA88}.Release|Any CPU.ActiveCfg = Release|Any CPU
		{EF92364F-AC46-4A88-81BC-45506378DA88}.Release|Any CPU.Build.0 = Release|Any CPU
		{38141FEB-5F5E-46E8-A972-D1140274AE95}.Debug|Any CPU.ActiveCfg = Debug|Any CPU
		{38141FEB-5F5E-46E8-A972-D1140274AE95}.Debug|Any CPU.Build.0 = Debug|Any CPU
		{38141FEB-5F5E-46E8-A972-D1140274AE95}.Release|Any CPU.ActiveCfg = Release|Any CPU
		{38141FEB-5F5E-46E8-A972-D1140274AE95}.Release|Any CPU.Build.0 = Release|Any CPU
		{2824784F-FD7E-4B46-B1B3-6E23EAB52D02}.Debug|Any CPU.ActiveCfg = Debug|Any CPU
		{2824784F-FD7E-4B46-B1B3-6E23EAB52D02}.Debug|Any CPU.Build.0 = Debug|Any CPU
		{2824784F-FD7E-4B46-B1B3-6E23EAB52D02}.Release|Any CPU.ActiveCfg = Release|Any CPU
		{2824784F-FD7E-4B46-B1B3-6E23EAB52D02}.Release|Any CPU.Build.0 = Release|Any CPU
	EndGlobalSection
	GlobalSection(SolutionProperties) = preSolution
		HideSolutionNode = FALSE
	EndGlobalSection
	GlobalSection(NestedProjects) = preSolution
		{03E75B1D-A443-4A12-B31F-860DB2B45140} = {EF9E346D-70C6-45F5-8FF9-9B734F4A1298}
		{9B87B0F7-B02C-4498-BB03-B6E282F86557} = {EF9E346D-70C6-45F5-8FF9-9B734F4A1298}
		{30F628FD-5739-49E7-B9D9-37EC93F429A9} = {EF9E346D-70C6-45F5-8FF9-9B734F4A1298}
		{04E8E124-852C-4B5D-83EB-0B8ADDE825CB} = {87F4BC36-8A28-4BF7-B9C4-3EE2CD9731CD}
		{5989E210-AE15-4DF4-8CEE-DEE609740FD2} = {04E8E124-852C-4B5D-83EB-0B8ADDE825CB}
		{9750C692-C2D0-4D0F-9F73-D45DB9E906CE} = {5989E210-AE15-4DF4-8CEE-DEE609740FD2}
		{B6A1FC1E-0779-4900-84EE-262DD0E53FF4} = {EF9E346D-70C6-45F5-8FF9-9B734F4A1298}
		{1803891D-AB39-4734-8681-A213C2F55A1E} = {EF9E346D-70C6-45F5-8FF9-9B734F4A1298}
		{E9D3F4E8-BAE0-487B-89B5-6E271D9848B8} = {EF9E346D-70C6-45F5-8FF9-9B734F4A1298}
		{C876085F-9DC3-41F0-B7B4-17022CD84684} = {AB891A22-A69D-46E1-8C75-DB69641D3BBD}
		{F589D8B7-1B0F-4182-842B-09866A4A2CEB} = {AB891A22-A69D-46E1-8C75-DB69641D3BBD}
		{31E6BAA3-C606-4D44-B0D7-46BE7AFAC656} = {AB891A22-A69D-46E1-8C75-DB69641D3BBD}
		{9517265E-5127-460C-9DDE-FE017D73121C} = {02144BF6-4489-4AFC-9B2D-0306C3DD3C19}
		{C6C4E139-D7AF-486C-95BA-2B879F58F18D} = {02144BF6-4489-4AFC-9B2D-0306C3DD3C19}
		{4899B527-6815-4E89-84B3-DD5A507B205A} = {03E75B1D-A443-4A12-B31F-860DB2B45140}
		{CC1EEC95-41EF-44B6-8761-00FA3E647248} = {03E75B1D-A443-4A12-B31F-860DB2B45140}
		{909BF4EF-4ECA-4AC4-8E21-CDCF05393161} = {9B87B0F7-B02C-4498-BB03-B6E282F86557}
		{77E73F37-9586-44EA-91B0-F244D08467D2} = {9B87B0F7-B02C-4498-BB03-B6E282F86557}
		{90B943AB-3879-4B64-B9FF-1A21297C0F26} = {30F628FD-5739-49E7-B9D9-37EC93F429A9}
		{2C062B51-EFD0-4FDC-8F75-3D76161FBCB5} = {30F628FD-5739-49E7-B9D9-37EC93F429A9}
		{7DD043EB-5E53-4180-B123-CC3CC5022E34} = {30F628FD-5739-49E7-B9D9-37EC93F429A9}
		{25B049BF-66AC-4B7A-B6B1-3DC74DE3951C} = {30F628FD-5739-49E7-B9D9-37EC93F429A9}
		{31AEC9B5-35C9-4FEA-8420-4C34D3FEAAC8} = {02144BF6-4489-4AFC-9B2D-0306C3DD3C19}
		{DA37E6A9-5D59-45A3-A809-ABA85031C369} = {02144BF6-4489-4AFC-9B2D-0306C3DD3C19}
		{654344A5-0556-49C7-BFB3-59676D7440D3} = {B6A1FC1E-0779-4900-84EE-262DD0E53FF4}
		{1C3B4A33-E045-4C8F-9202-1B651A686567} = {B6A1FC1E-0779-4900-84EE-262DD0E53FF4}
		{784D4B45-F12A-4B8F-A86C-35A080814A19} = {03E75B1D-A443-4A12-B31F-860DB2B45140}
		{43DFEF27-2FD7-4827-A669-DFD2DD1CBBCC} = {03E75B1D-A443-4A12-B31F-860DB2B45140}
		{8192BAA3-C606-4D44-B0D7-46BE7AFA4096} = {03E75B1D-A443-4A12-B31F-860DB2B45140}
		{42DC6C97-6E79-4D0A-9A1D-DD34C99248E2} = {AB891A22-A69D-46E1-8C75-DB69641D3BBD}
		{BEDCF556-6CEA-4EAE-ACE3-8B9EFE0818E5} = {1803891D-AB39-4734-8681-A213C2F55A1E}
		{8464A22C-0C8D-4C84-85A8-0ACE787BDC75} = {03E75B1D-A443-4A12-B31F-860DB2B45140}
		{8464A22C-0C8E-4C84-85A8-0ACE787BDC75} = {03E75B1D-A443-4A12-B31F-860DB2B45140}
		{2F19209C-3A73-4864-8DA3-3BC82BD4A061} = {E9D3F4E8-BAE0-487B-89B5-6E271D9848B8}
		{D56ED99A-FEB0-4A63-8517-4CDA86965A0B} = {E9D3F4E8-BAE0-487B-89B5-6E271D9848B8}
		{E43394E0-0E28-4743-A63B-95FCDA9609CD} = {03E75B1D-A443-4A12-B31F-860DB2B45140}
		{3DBE405B-EB6F-4798-8043-EE3DCCE4D0FB} = {03E75B1D-A443-4A12-B31F-860DB2B45140}
		{EF92364F-AC46-4A88-81BC-45506378DA88} = {03E75B1D-A443-4A12-B31F-860DB2B45140}
		{38141FEB-5F5E-46E8-A972-D1140274AE95} = {03E75B1D-A443-4A12-B31F-860DB2B45140}
		{2824784F-FD7E-4B46-B1B3-6E23EAB52D02} = {03E75B1D-A443-4A12-B31F-860DB2B45140}
	EndGlobalSection
	GlobalSection(ExtensibilityGlobals) = postSolution
		SolutionGuid = {36B0BD32-4C82-443A-9497-B3C291CCBCD4}
	EndGlobalSection
EndGlobal
