
Microsoft Visual Studio Solution File, Format Version 12.00
# Visual Studio 2013
VisualStudioVersion = 12.0.40629.0
MinimumVisualStudioVersion = 10.0.40219.1
Project("{9092AA53-FB77-4645-B42D-1CCCA6BD08BD}") = "NodeJS", "NodeJS.njsproj", "{C906A452-93D6-454D-B4E9-81E9F2DF6DE2}"
EndProject
Global
	GlobalSection(SolutionConfigurationPlatforms) = preSolution
		Debug|Any CPU = Debug|Any CPU
		Release|Any CPU = Release|Any CPU
	EndGlobalSection
	GlobalSection(ProjectConfigurationPlatforms) = postSolution
		{C906A452-93D6-454D-B4E9-81E9F2DF6DE2}.Debug|Any CPU.ActiveCfg = Debug|Any CPU
		{C906A452-93D6-454D-B4E9-81E9F2DF6DE2}.Debug|Any CPU.Build.0 = Debug|Any CPU
		{C906A452-93D6-454D-B4E9-81E9F2DF6DE2}.Release|Any CPU.ActiveCfg = Release|Any CPU
		{C906A452-93D6-454D-B4E9-81E9F2DF6DE2}.Release|Any CPU.Build.0 = Release|Any CPU
	EndGlobalSection
	GlobalSection(SolutionProperties) = preSolution
		HideSolutionNode = FALSE
	EndGlobalSection
EndGlobal
