
Microsoft Visual Studio Solution File, Format Version 12.00
# Visual Studio 2013
VisualStudioVersion = 12.0.31101.0
MinimumVisualStudioVersion = 10.0.40219.1
Project("{FAE04EC0-301F-11D3-BF4B-00C04F79EFBC}") = "HelloWorld", "01-HelloWorld\HelloWorld.csproj", "{ED5A1926-ED9F-47A3-8E07-79F046761F2A}"
EndProject
Project("{FAE04EC0-301F-11D3-BF4B-00C04F79EFBC}") = "HelloWorldWithModel", "02-HelloWorldWithModel\HelloWorldWithModel.csproj", "{6EA714D8-460C-470A-9636-C6EB804DAA1D}"
EndProject
Global
	GlobalSection(SolutionConfigurationPlatforms) = preSolution
		Debug|Any CPU = Debug|Any CPU
		Release|Any CPU = Release|Any CPU
	EndGlobalSection
	GlobalSection(ProjectConfigurationPlatforms) = postSolution
		{ED5A1926-ED9F-47A3-8E07-79F046761F2A}.Debug|Any CPU.ActiveCfg = Debug|Any CPU
		{ED5A1926-ED9F-47A3-8E07-79F046761F2A}.Debug|Any CPU.Build.0 = Debug|Any CPU
		{ED5A1926-ED9F-47A3-8E07-79F046761F2A}.Release|Any CPU.ActiveCfg = Release|Any CPU
		{ED5A1926-ED9F-47A3-8E07-79F046761F2A}.Release|Any CPU.Build.0 = Release|Any CPU
		{6EA714D8-460C-470A-9636-C6EB804DAA1D}.Debug|Any CPU.ActiveCfg = Debug|Any CPU
		{6EA714D8-460C-470A-9636-C6EB804DAA1D}.Debug|Any CPU.Build.0 = Debug|Any CPU
		{6EA714D8-460C-470A-9636-C6EB804DAA1D}.Release|Any CPU.ActiveCfg = Release|Any CPU
		{6EA714D8-460C-470A-9636-C6EB804DAA1D}.Release|Any CPU.Build.0 = Release|Any CPU
	EndGlobalSection
	GlobalSection(SolutionProperties) = preSolution
		HideSolutionNode = FALSE
	EndGlobalSection
EndGlobal
