
Microsoft Visual Studio Solution File, Format Version 12.00
# Visual Studio 14
VisualStudioVersion = 14.0.23107.0
MinimumVisualStudioVersion = 10.0.40219.1
Project("{888888A0-9F3D-457C-B088-3A5042F75D52}") = "msrest", "msrest\msrest.pyproj", "{8523BA22-21D4-4F69-A73E-958B617C9D37}"
EndProject
Project("{888888A0-9F3D-457C-B088-3A5042F75D52}") = "msrestazure", "msrestazure\msrestazure.pyproj", "{B80E5ECC-DCDC-4D31-B3BE-8C32DEA8E864}"
EndProject
Global
	GlobalSection(SolutionConfigurationPlatforms) = preSolution
		Debug|Any CPU = Debug|Any CPU
		Release|Any CPU = Release|Any CPU
	EndGlobalSection
	GlobalSection(ProjectConfigurationPlatforms) = postSolution
		{8523BA22-21D4-4F69-A73E-958B617C9D37}.Debug|Any CPU.ActiveCfg = Debug|Any CPU
		{8523BA22-21D4-4F69-A73E-958B617C9D37}.Release|Any CPU.ActiveCfg = Release|Any CPU
		{B80E5ECC-DCDC-4D31-B3BE-8C32DEA8E864}.Debug|Any CPU.ActiveCfg = Debug|Any CPU
		{B80E5ECC-DCDC-4D31-B3BE-8C32DEA8E864}.Release|Any CPU.ActiveCfg = Release|Any CPU
	EndGlobalSection
	GlobalSection(SolutionProperties) = preSolution
		HideSolutionNode = FALSE
	EndGlobalSection
EndGlobal
