
Microsoft Visual Studio Solution File, Format Version 12.00
# Visual Studio 2013
VisualStudioVersion = 12.0.40629.0
MinimumVisualStudioVersion = 10.0.40219.1
Project("{9092AA53-FB77-4645-B42D-1CCCA6BD08BD}") = "NodeJS.Tests", "AutoRest.NodeJS.Tests.njsproj", "{189F9CFC-764A-48DB-AEA8-638CBBA5B5AA}"
EndProject
Project("{9092AA53-FB77-4645-B42D-1CCCA6BD08BD}") = "Azure.NodeJS.Tests", "..\AutoRest.NodeJS.Azure.Tests\AutoRest.NodeJS.Azure.Tests.njsproj", "{8E7B23E3-7E9F-478B-8F69-AB0B531647AB}"
EndProject
Global
	GlobalSection(SolutionConfigurationPlatforms) = preSolution
		Debug|Any CPU = Debug|Any CPU
		Release|Any CPU = Release|Any CPU
	EndGlobalSection
	GlobalSection(ProjectConfigurationPlatforms) = postSolution
		{189F9CFC-764A-48DB-AEA8-638CBBA5B5AA}.Debug|Any CPU.ActiveCfg = Debug|Any CPU
		{189F9CFC-764A-48DB-AEA8-638CBBA5B5AA}.Debug|Any CPU.Build.0 = Debug|Any CPU
		{189F9CFC-764A-48DB-AEA8-638CBBA5B5AA}.Release|Any CPU.ActiveCfg = Release|Any CPU
		{189F9CFC-764A-48DB-AEA8-638CBBA5B5AA}.Release|Any CPU.Build.0 = Release|Any CPU
		{8E7B23E3-7E9F-478B-8F69-AB0B531647AB}.Debug|Any CPU.ActiveCfg = Debug|Any CPU
		{8E7B23E3-7E9F-478B-8F69-AB0B531647AB}.Debug|Any CPU.Build.0 = Debug|Any CPU
		{8E7B23E3-7E9F-478B-8F69-AB0B531647AB}.Release|Any CPU.ActiveCfg = Release|Any CPU
		{8E7B23E3-7E9F-478B-8F69-AB0B531647AB}.Release|Any CPU.Build.0 = Release|Any CPU
	EndGlobalSection
	GlobalSection(SolutionProperties) = preSolution
		HideSolutionNode = FALSE
	EndGlobalSection
EndGlobal
