
Microsoft Visual Studio Solution File, Format Version 12.00
# Visual Studio 2013
VisualStudioVersion = 12.0.31101.0
MinimumVisualStudioVersion = 10.0.40219.1
Project("{FAE04EC0-301F-11D3-BF4B-00C04F79EFBC}") = "RazorCompiler", "RazorCompiler\RazorCompiler.csproj", "{F76D06E5-508D-4A6A-8D72-F9F94E55C75E}"
EndProject
Global
	GlobalSection(SolutionConfigurationPlatforms) = preSolution
		Debug|Any CPU = Debug|Any CPU
		Release|Any CPU = Release|Any CPU
	EndGlobalSection
	GlobalSection(ProjectConfigurationPlatforms) = postSolution
		{F76D06E5-508D-4A6A-8D72-F9F94E55C75E}.Debug|Any CPU.ActiveCfg = Debug|Any CPU
		{F76D06E5-508D-4A6A-8D72-F9F94E55C75E}.Debug|Any CPU.Build.0 = Debug|Any CPU
		{F76D06E5-508D-4A6A-8D72-F9F94E55C75E}.Release|Any CPU.ActiveCfg = Release|Any CPU
		{F76D06E5-508D-4A6A-8D72-F9F94E55C75E}.Release|Any CPU.Build.0 = Release|Any CPU
	EndGlobalSection
	GlobalSection(SolutionProperties) = preSolution
		HideSolutionNode = FALSE
	EndGlobalSection
EndGlobal
